
Microsoft Visual Studio Solution File, Format Version 12.00
# Visual Studio 15
VisualStudioVersion = 15.0.28307.1433
MinimumVisualStudioVersion = 10.0.40219.1
Project("{FAE04EC0-301F-11D3-BF4B-00C04F79EFBC}") = "SimpleObjectCs", "SimpleObjectCs\SimpleObjectCs.csproj", "{685CEC06-EDB8-4C93-8CB1-67BACF22FA16}"
EndProject
Project("{FAE04EC0-301F-11D3-BF4B-00C04F79EFBC}") = "SchemaPrep", "SchemaPrep\SchemaPrep.csproj", "{511616B2-507E-4BF5-8E78-B484107C5B57}"
EndProject
Project("{FAE04EC0-301F-11D3-BF4B-00C04F79EFBC}") = "StoragePrep", "StoragePrep\StoragePrep.csproj", "{63BBD4E9-0ED3-423B-B0BC-3402F84F0C71}"
EndProject
Global
	GlobalSection(SolutionConfigurationPlatforms) = preSolution
		Debug|Any CPU = Debug|Any CPU
		Release|Any CPU = Release|Any CPU
	EndGlobalSection
	GlobalSection(ProjectConfigurationPlatforms) = postSolution
		{685CEC06-EDB8-4C93-8CB1-67BACF22FA16}.Debug|Any CPU.ActiveCfg = Debug|Any CPU
		{685CEC06-EDB8-4C93-8CB1-67BACF22FA16}.Debug|Any CPU.Build.0 = Debug|Any CPU
		{685CEC06-EDB8-4C93-8CB1-67BACF22FA16}.Release|Any CPU.ActiveCfg = Release|Any CPU
		{685CEC06-EDB8-4C93-8CB1-67BACF22FA16}.Release|Any CPU.Build.0 = Release|Any CPU
		{511616B2-507E-4BF5-8E78-B484107C5B57}.Debug|Any CPU.ActiveCfg = Debug|Any CPU
		{511616B2-507E-4BF5-8E78-B484107C5B57}.Debug|Any CPU.Build.0 = Debug|Any CPU
		{511616B2-507E-4BF5-8E78-B484107C5B57}.Release|Any CPU.ActiveCfg = Release|Any CPU
		{511616B2-507E-4BF5-8E78-B484107C5B57}.Release|Any CPU.Build.0 = Release|Any CPU
		{63BBD4E9-0ED3-423B-B0BC-3402F84F0C71}.Debug|Any CPU.ActiveCfg = Debug|Any CPU
		{63BBD4E9-0ED3-423B-B0BC-3402F84F0C71}.Debug|Any CPU.Build.0 = Debug|Any CPU
		{63BBD4E9-0ED3-423B-B0BC-3402F84F0C71}.Release|Any CPU.ActiveCfg = Release|Any CPU
		{63BBD4E9-0ED3-423B-B0BC-3402F84F0C71}.Release|Any CPU.Build.0 = Release|Any CPU
	EndGlobalSection
	GlobalSection(SolutionProperties) = preSolution
		HideSolutionNode = FALSE
	EndGlobalSection
	GlobalSection(ExtensibilityGlobals) = postSolution
		SolutionGuid = {6379B21E-CCEB-4377-8F75-E0AD2318CA06}
	EndGlobalSection
EndGlobal
